
Microsoft Visual Studio Solution File, Format Version 12.00
# Visual Studio Version 16
VisualStudioVersion = 16.0.29306.81
MinimumVisualStudioVersion = 10.0.40219.1
Project("{8BC9CEB8-8B4A-11D0-8D11-00A0C91BC942}") = "LodBias", "LodBias\LogBias.vcxproj", "{D9F7E988-F412-4EA3-8264-1B245AFAA30E}"
EndProject
Global
	GlobalSection(SolutionConfigurationPlatforms) = preSolution
		Debug|x64 = Debug|x64
		Release|x64 = Release|x64
	EndGlobalSection
	GlobalSection(ProjectConfigurationPlatforms) = postSolution
		{D9F7E988-F412-4EA3-8264-1B245AFAA30E}.Debug|x64.ActiveCfg = Debug|x64
		{D9F7E988-F412-4EA3-8264-1B245AFAA30E}.Debug|x64.Build.0 = Debug|x64
		{D9F7E988-F412-4EA3-8264-1B245AFAA30E}.Release|x64.ActiveCfg = Release|x64
		{D9F7E988-F412-4EA3-8264-1B245AFAA30E}.Release|x64.Build.0 = Release|x64
	EndGlobalSection
	GlobalSection(SolutionProperties) = preSolution
		HideSolutionNode = FALSE
	EndGlobalSection
	GlobalSection(ExtensibilityGlobals) = postSolution
		SolutionGuid = {51B1C098-59FF-4192-A16C-CDEE5E6E3944}
	EndGlobalSection
EndGlobal
